
Microsoft Visual Studio Solution File, Format Version 12.00
# Visual Studio 15
VisualStudioVersion = 15.0.27130.2036
MinimumVisualStudioVersion = 10.0.40219.1
Project("{DA7A21FA-8162-4350-AD77-A8D1B671F3ED}") = "PredModExercisesR", "PredModExercisesR.rxproj", "{990146F6-40CB-4558-9844-F3306DBA5B55}"
EndProject
Global
	GlobalSection(SolutionConfigurationPlatforms) = preSolution
		Debug|Any CPU = Debug|Any CPU
		Release|Any CPU = Release|Any CPU
	EndGlobalSection
	GlobalSection(ProjectConfigurationPlatforms) = postSolution
		{990146F6-40CB-4558-9844-F3306DBA5B55}.Debug|Any CPU.ActiveCfg = Debug|Any CPU
		{990146F6-40CB-4558-9844-F3306DBA5B55}.Debug|Any CPU.Build.0 = Debug|Any CPU
		{990146F6-40CB-4558-9844-F3306DBA5B55}.Release|Any CPU.ActiveCfg = Release|Any CPU
		{990146F6-40CB-4558-9844-F3306DBA5B55}.Release|Any CPU.Build.0 = Release|Any CPU
	EndGlobalSection
	GlobalSection(SolutionProperties) = preSolution
		HideSolutionNode = FALSE
	EndGlobalSection
	GlobalSection(ExtensibilityGlobals) = postSolution
		SolutionGuid = {68F29C77-E8EC-4F8B-867C-DE4884EC224C}
	EndGlobalSection
EndGlobal
